// !$*UTF8*$!
{
	archiveVersion = 1;
	classes = {
	};
	objectVersion = 56;
	objects = {

/* Begin PBXBuildFile section */
		50AE97F6294A8FB50011EAEF /* CryptoManiacApp.swift in Sources */ = {isa = PBXBuildFile; fileRef = 50AE97F5294A8FB50011EAEF /* CryptoManiacApp.swift */; };
		50AE97F8294A8FB50011EAEF /* ContentView.swift in Sources */ = {isa = PBXBuildFile; fileRef = 50AE97F7294A8FB50011EAEF /* ContentView.swift */; };
		50AE97FD294A8FB50011EAEF /* Preview Assets.xcassets in Resources */ = {isa = PBXBuildFile; fileRef = 50AE97FC294A8FB50011EAEF /* Preview Assets.xcassets */; };
		50AE9807294A8FB60011EAEF /* CryptoManiacTests.swift in Sources */ = {isa = PBXBuildFile; fileRef = 50AE9806294A8FB60011EAEF /* CryptoManiacTests.swift */; };
		50AE9811294A8FB60011EAEF /* CryptoManiacUITests.swift in Sources */ = {isa = PBXBuildFile; fileRef = 50AE9810294A8FB60011EAEF /* CryptoManiacUITests.swift */; };
		50AE9813294A8FB60011EAEF /* CryptoManiacUITestsLaunchTests.swift in Sources */ = {isa = PBXBuildFile; fileRef = 50AE9812294A8FB60011EAEF /* CryptoManiacUITestsLaunchTests.swift */; };
		50AE9820294A92130011EAEF /* Assets.xcassets in Resources */ = {isa = PBXBuildFile; fileRef = 50AE981F294A92130011EAEF /* Assets.xcassets */; };
		50AE9825294A9F0F0011EAEF /* Color.swift in Sources */ = {isa = PBXBuildFile; fileRef = 50AE9824294A9F0F0011EAEF /* Color.swift */; };
		50AE982A294AA1F90011EAEF /* HomeView.swift in Sources */ = {isa = PBXBuildFile; fileRef = 50AE9829294AA1F90011EAEF /* HomeView.swift */; };
		50AE982E294AA3380011EAEF /* CircleButtonView.swift in Sources */ = {isa = PBXBuildFile; fileRef = 50AE982D294AA3380011EAEF /* CircleButtonView.swift */; };
		50AE9830294AB4460011EAEF /* CircleButtonAnimationView.swift in Sources */ = {isa = PBXBuildFile; fileRef = 50AE982F294AB4460011EAEF /* CircleButtonAnimationView.swift */; };
		50AE9832294ADE7C0011EAEF /* Coin.swift in Sources */ = {isa = PBXBuildFile; fileRef = 50AE9831294ADE7C0011EAEF /* Coin.swift */; };
		50AE9834294AE5B70011EAEF /* CoinDetailModel.swift in Sources */ = {isa = PBXBuildFile; fileRef = 50AE9833294AE5B70011EAEF /* CoinDetailModel.swift */; };
		50AE9836294AE61B0011EAEF /* StatisticModel.swift in Sources */ = {isa = PBXBuildFile; fileRef = 50AE9835294AE61B0011EAEF /* StatisticModel.swift */; };
		50AE9838294AE6600011EAEF /* MarketDataModel.swift in Sources */ = {isa = PBXBuildFile; fileRef = 50AE9837294AE6600011EAEF /* MarketDataModel.swift */; };
		50AE983A294AE7490011EAEF /* String.swift in Sources */ = {isa = PBXBuildFile; fileRef = 50AE9839294AE7490011EAEF /* String.swift */; };
		50AE983C294AE7830011EAEF /* Double.swift in Sources */ = {isa = PBXBuildFile; fileRef = 50AE983B294AE7830011EAEF /* Double.swift */; };
		50AE983E294AE7B60011EAEF /* Date.swift in Sources */ = {isa = PBXBuildFile; fileRef = 50AE983D294AE7B60011EAEF /* Date.swift */; };
		50AE9840294AE7EB0011EAEF /* UIApplication.swift in Sources */ = {isa = PBXBuildFile; fileRef = 50AE983F294AE7EB0011EAEF /* UIApplication.swift */; };
		50AE9842294AE81B0011EAEF /* PreviewProvider.swift in Sources */ = {isa = PBXBuildFile; fileRef = 50AE9841294AE81B0011EAEF /* PreviewProvider.swift */; };
		50AE9844294B6EB80011EAEF /* CoinRowView.swift in Sources */ = {isa = PBXBuildFile; fileRef = 50AE9843294B6EB80011EAEF /* CoinRowView.swift */; };
		50C8134F294CC11D0052A696 /* CoinDataService.swift in Sources */ = {isa = PBXBuildFile; fileRef = 50C8134E294CC11D0052A696 /* CoinDataService.swift */; };
		50C81352294CFCE00052A696 /* NetworkingManager.swift in Sources */ = {isa = PBXBuildFile; fileRef = 50C81351294CFCE00052A696 /* NetworkingManager.swift */; };
		50C81354294D49D10052A696 /* CoinImageView.swift in Sources */ = {isa = PBXBuildFile; fileRef = 50C81353294D49D10052A696 /* CoinImageView.swift */; };
		50C81356294D600C0052A696 /* CoinImageService.swift in Sources */ = {isa = PBXBuildFile; fileRef = 50C81355294D600C0052A696 /* CoinImageService.swift */; };
		50C81358294E13100052A696 /* LocalFileManager.swift in Sources */ = {isa = PBXBuildFile; fileRef = 50C81357294E13100052A696 /* LocalFileManager.swift */; };
		50C8135A294E47E80052A696 /* SearchBarView.swift in Sources */ = {isa = PBXBuildFile; fileRef = 50C81359294E47E80052A696 /* SearchBarView.swift */; };
/* End PBXBuildFile section */

/* Begin PBXContainerItemProxy section */
		50AE9803294A8FB60011EAEF /* PBXContainerItemProxy */ = {
			isa = PBXContainerItemProxy;
			containerPortal = 50AE97EA294A8FB50011EAEF /* Project object */;
			proxyType = 1;
			remoteGlobalIDString = 50AE97F1294A8FB50011EAEF;
			remoteInfo = CryptoManiac;
		};
		50AE980D294A8FB60011EAEF /* PBXContainerItemProxy */ = {
			isa = PBXContainerItemProxy;
			containerPortal = 50AE97EA294A8FB50011EAEF /* Project object */;
			proxyType = 1;
			remoteGlobalIDString = 50AE97F1294A8FB50011EAEF;
			remoteInfo = CryptoManiac;
		};
/* End PBXContainerItemProxy section */

/* Begin PBXFileReference section */
		50AE97F2294A8FB50011EAEF /* CryptoManiac.app */ = {isa = PBXFileReference; explicitFileType = wrapper.application; includeInIndex = 0; path = CryptoManiac.app; sourceTree = BUILT_PRODUCTS_DIR; };
		50AE97F5294A8FB50011EAEF /* CryptoManiacApp.swift */ = {isa = PBXFileReference; lastKnownFileType = sourcecode.swift; path = CryptoManiacApp.swift; sourceTree = "<group>"; };
		50AE97F7294A8FB50011EAEF /* ContentView.swift */ = {isa = PBXFileReference; lastKnownFileType = sourcecode.swift; path = ContentView.swift; sourceTree = "<group>"; };
		50AE97FC294A8FB50011EAEF /* Preview Assets.xcassets */ = {isa = PBXFileReference; lastKnownFileType = folder.assetcatalog; path = "Preview Assets.xcassets"; sourceTree = "<group>"; };
		50AE9802294A8FB60011EAEF /* CryptoManiacTests.xctest */ = {isa = PBXFileReference; explicitFileType = wrapper.cfbundle; includeInIndex = 0; path = CryptoManiacTests.xctest; sourceTree = BUILT_PRODUCTS_DIR; };
		50AE9806294A8FB60011EAEF /* CryptoManiacTests.swift */ = {isa = PBXFileReference; lastKnownFileType = sourcecode.swift; path = CryptoManiacTests.swift; sourceTree = "<group>"; };
		50AE980C294A8FB60011EAEF /* CryptoManiacUITests.xctest */ = {isa = PBXFileReference; explicitFileType = wrapper.cfbundle; includeInIndex = 0; path = CryptoManiacUITests.xctest; sourceTree = BUILT_PRODUCTS_DIR; };
		50AE9810294A8FB60011EAEF /* CryptoManiacUITests.swift */ = {isa = PBXFileReference; lastKnownFileType = sourcecode.swift; path = CryptoManiacUITests.swift; sourceTree = "<group>"; };
		50AE9812294A8FB60011EAEF /* CryptoManiacUITestsLaunchTests.swift */ = {isa = PBXFileReference; lastKnownFileType = sourcecode.swift; path = CryptoManiacUITestsLaunchTests.swift; sourceTree = "<group>"; };
		50AE981F294A92130011EAEF /* Assets.xcassets */ = {isa = PBXFileReference; lastKnownFileType = folder.assetcatalog; name = Assets.xcassets; path = ../../../Downloads/Resources/Assets.xcassets; sourceTree = "<group>"; };
		50AE9824294A9F0F0011EAEF /* Color.swift */ = {isa = PBXFileReference; lastKnownFileType = sourcecode.swift; path = Color.swift; sourceTree = "<group>"; };
		50AE9829294AA1F90011EAEF /* HomeView.swift */ = {isa = PBXFileReference; lastKnownFileType = sourcecode.swift; path = HomeView.swift; sourceTree = "<group>"; };
		50AE982D294AA3380011EAEF /* CircleButtonView.swift */ = {isa = PBXFileReference; lastKnownFileType = sourcecode.swift; path = CircleButtonView.swift; sourceTree = "<group>"; };
		50AE982F294AB4460011EAEF /* CircleButtonAnimationView.swift */ = {isa = PBXFileReference; lastKnownFileType = sourcecode.swift; path = CircleButtonAnimationView.swift; sourceTree = "<group>"; };
		50AE9831294ADE7C0011EAEF /* Coin.swift */ = {isa = PBXFileReference; lastKnownFileType = sourcecode.swift; path = Coin.swift; sourceTree = "<group>"; };
		50AE9833294AE5B70011EAEF /* CoinDetailModel.swift */ = {isa = PBXFileReference; lastKnownFileType = sourcecode.swift; path = CoinDetailModel.swift; sourceTree = "<group>"; };
		50AE9835294AE61B0011EAEF /* StatisticModel.swift */ = {isa = PBXFileReference; lastKnownFileType = sourcecode.swift; path = StatisticModel.swift; sourceTree = "<group>"; };
		50AE9837294AE6600011EAEF /* MarketDataModel.swift */ = {isa = PBXFileReference; lastKnownFileType = sourcecode.swift; path = MarketDataModel.swift; sourceTree = "<group>"; };
		50AE9839294AE7490011EAEF /* String.swift */ = {isa = PBXFileReference; lastKnownFileType = sourcecode.swift; path = String.swift; sourceTree = "<group>"; };
		50AE983B294AE7830011EAEF /* Double.swift */ = {isa = PBXFileReference; lastKnownFileType = sourcecode.swift; path = Double.swift; sourceTree = "<group>"; };
		50AE983D294AE7B60011EAEF /* Date.swift */ = {isa = PBXFileReference; lastKnownFileType = sourcecode.swift; path = Date.swift; sourceTree = "<group>"; };
		50AE983F294AE7EB0011EAEF /* UIApplication.swift */ = {isa = PBXFileReference; lastKnownFileType = sourcecode.swift; path = UIApplication.swift; sourceTree = "<group>"; };
		50AE9841294AE81B0011EAEF /* PreviewProvider.swift */ = {isa = PBXFileReference; lastKnownFileType = sourcecode.swift; path = PreviewProvider.swift; sourceTree = "<group>"; };
		50AE9843294B6EB80011EAEF /* CoinRowView.swift */ = {isa = PBXFileReference; lastKnownFileType = sourcecode.swift; path = CoinRowView.swift; sourceTree = "<group>"; };
		50C8134E294CC11D0052A696 /* CoinDataService.swift */ = {isa = PBXFileReference; lastKnownFileType = sourcecode.swift; path = CoinDataService.swift; sourceTree = "<group>"; };
		50C81351294CFCE00052A696 /* NetworkingManager.swift */ = {isa = PBXFileReference; lastKnownFileType = sourcecode.swift; path = NetworkingManager.swift; sourceTree = "<group>"; };
		50C81353294D49D10052A696 /* CoinImageView.swift */ = {isa = PBXFileReference; lastKnownFileType = sourcecode.swift; path = CoinImageView.swift; sourceTree = "<group>"; };
		50C81355294D600C0052A696 /* CoinImageService.swift */ = {isa = PBXFileReference; lastKnownFileType = sourcecode.swift; path = CoinImageService.swift; sourceTree = "<group>"; };
		50C81357294E13100052A696 /* LocalFileManager.swift */ = {isa = PBXFileReference; lastKnownFileType = sourcecode.swift; path = LocalFileManager.swift; sourceTree = "<group>"; };
		50C81359294E47E80052A696 /* SearchBarView.swift */ = {isa = PBXFileReference; lastKnownFileType = sourcecode.swift; path = SearchBarView.swift; sourceTree = "<group>"; };
/* End PBXFileReference section */

/* Begin PBXFrameworksBuildPhase section */
		50AE97EF294A8FB50011EAEF /* Frameworks */ = {
			isa = PBXFrameworksBuildPhase;
			buildActionMask = 2147483647;
			files = (
			);
			runOnlyForDeploymentPostprocessing = 0;
		};
		50AE97FF294A8FB60011EAEF /* Frameworks */ = {
			isa = PBXFrameworksBuildPhase;
			buildActionMask = 2147483647;
			files = (
			);
			runOnlyForDeploymentPostprocessing = 0;
		};
		50AE9809294A8FB60011EAEF /* Frameworks */ = {
			isa = PBXFrameworksBuildPhase;
			buildActionMask = 2147483647;
			files = (
			);
			runOnlyForDeploymentPostprocessing = 0;
		};
/* End PBXFrameworksBuildPhase section */

/* Begin PBXGroup section */
		50AE97E9294A8FB50011EAEF = {
			isa = PBXGroup;
			children = (
				50AE97F4294A8FB50011EAEF /* CryptoManiac */,
				50AE9805294A8FB60011EAEF /* CryptoManiacTests */,
				50AE980F294A8FB60011EAEF /* CryptoManiacUITests */,
				50AE97F3294A8FB50011EAEF /* Products */,
			);
			sourceTree = "<group>";
		};
		50AE97F3294A8FB50011EAEF /* Products */ = {
			isa = PBXGroup;
			children = (
				50AE97F2294A8FB50011EAEF /* CryptoManiac.app */,
				50AE9802294A8FB60011EAEF /* CryptoManiacTests.xctest */,
				50AE980C294A8FB60011EAEF /* CryptoManiacUITests.xctest */,
			);
			name = Products;
			sourceTree = "<group>";
		};
		50AE97F4294A8FB50011EAEF /* CryptoManiac */ = {
			isa = PBXGroup;
			children = (
				50AE97F5294A8FB50011EAEF /* CryptoManiacApp.swift */,
				50AE9826294AA1B60011EAEF /* Core */,
				50C81350294CFCA00052A696 /* Utility */,
				50C8134D294CC0FA0052A696 /* Services */,
				50AE9823294A9EFC0011EAEF /* Extensions */,
				50AE9822294A9EDB0011EAEF /* Models */,
				50AE97F7294A8FB50011EAEF /* ContentView.swift */,
				50AE981F294A92130011EAEF /* Assets.xcassets */,
				50AE97FB294A8FB50011EAEF /* Preview Content */,
			);
			path = CryptoManiac;
			sourceTree = "<group>";
		};
		50AE97FB294A8FB50011EAEF /* Preview Content */ = {
			isa = PBXGroup;
			children = (
				50AE97FC294A8FB50011EAEF /* Preview Assets.xcassets */,
			);
			path = "Preview Content";
			sourceTree = "<group>";
		};
		50AE9805294A8FB60011EAEF /* CryptoManiacTests */ = {
			isa = PBXGroup;
			children = (
				50AE9806294A8FB60011EAEF /* CryptoManiacTests.swift */,
			);
			path = CryptoManiacTests;
			sourceTree = "<group>";
		};
		50AE980F294A8FB60011EAEF /* CryptoManiacUITests */ = {
			isa = PBXGroup;
			children = (
				50AE9810294A8FB60011EAEF /* CryptoManiacUITests.swift */,
				50AE9812294A8FB60011EAEF /* CryptoManiacUITestsLaunchTests.swift */,
			);
			path = CryptoManiacUITests;
			sourceTree = "<group>";
		};
		50AE9821294A9ED30011EAEF /* Views */ = {
			isa = PBXGroup;
			children = (
				50AE9829294AA1F90011EAEF /* HomeView.swift */,
				50AE9843294B6EB80011EAEF /* CoinRowView.swift */,
			);
			path = Views;
			sourceTree = "<group>";
		};
		50AE9822294A9EDB0011EAEF /* Models */ = {
			isa = PBXGroup;
			children = (
				50AE9831294ADE7C0011EAEF /* Coin.swift */,
				50AE9833294AE5B70011EAEF /* CoinDetailModel.swift */,
				50AE9835294AE61B0011EAEF /* StatisticModel.swift */,
				50AE9837294AE6600011EAEF /* MarketDataModel.swift */,
				50AE9841294AE81B0011EAEF /* PreviewProvider.swift */,
			);
			path = Models;
			sourceTree = "<group>";
		};
		50AE9823294A9EFC0011EAEF /* Extensions */ = {
			isa = PBXGroup;
			children = (
				50AE9824294A9F0F0011EAEF /* Color.swift */,
				50AE9839294AE7490011EAEF /* String.swift */,
				50AE983B294AE7830011EAEF /* Double.swift */,
				50AE983D294AE7B60011EAEF /* Date.swift */,
				50AE983F294AE7EB0011EAEF /* UIApplication.swift */,
			);
			path = Extensions;
			sourceTree = "<group>";
		};
		50AE9826294AA1B60011EAEF /* Core */ = {
			isa = PBXGroup;
			children = (
				50AE982B294AA2F20011EAEF /* Components */,
				50AE9827294AA1C90011EAEF /* Home */,
			);
			path = Core;
			sourceTree = "<group>";
		};
		50AE9827294AA1C90011EAEF /* Home */ = {
			isa = PBXGroup;
			children = (
				50AE9828294AA1DF0011EAEF /* ViewModels */,
				50AE9821294A9ED30011EAEF /* Views */,
			);
			path = Home;
			sourceTree = "<group>";
		};
		50AE9828294AA1DF0011EAEF /* ViewModels */ = {
			isa = PBXGroup;
			children = (
			);
			path = ViewModels;
			sourceTree = "<group>";
		};
		50AE982B294AA2F20011EAEF /* Components */ = {
			isa = PBXGroup;
			children = (
				50AE982C294AA3140011EAEF /* CircleButton */,
				50C81353294D49D10052A696 /* CoinImageView.swift */,
				50C81359294E47E80052A696 /* SearchBarView.swift */,
			);
			path = Components;
			sourceTree = "<group>";
		};
		50AE982C294AA3140011EAEF /* CircleButton */ = {
			isa = PBXGroup;
			children = (
				50AE982D294AA3380011EAEF /* CircleButtonView.swift */,
				50AE982F294AB4460011EAEF /* CircleButtonAnimationView.swift */,
			);
			path = CircleButton;
			sourceTree = "<group>";
		};
		50C8134D294CC0FA0052A696 /* Services */ = {
			isa = PBXGroup;
			children = (
				50C8134E294CC11D0052A696 /* CoinDataService.swift */,
				50C81355294D600C0052A696 /* CoinImageService.swift */,
			);
			path = Services;
			sourceTree = "<group>";
		};
		50C81350294CFCA00052A696 /* Utility */ = {
			isa = PBXGroup;
			children = (
				50C81351294CFCE00052A696 /* NetworkingManager.swift */,
				50C81357294E13100052A696 /* LocalFileManager.swift */,
			);
			path = Utility;
			sourceTree = "<group>";
		};
/* End PBXGroup section */

/* Begin PBXNativeTarget section */
		50AE97F1294A8FB50011EAEF /* CryptoManiac */ = {
			isa = PBXNativeTarget;
			buildConfigurationList = 50AE9816294A8FB60011EAEF /* Build configuration list for PBXNativeTarget "CryptoManiac" */;
			buildPhases = (
				50AE97EE294A8FB50011EAEF /* Sources */,
				50AE97EF294A8FB50011EAEF /* Frameworks */,
				50AE97F0294A8FB50011EAEF /* Resources */,
			);
			buildRules = (
			);
			dependencies = (
			);
			name = CryptoManiac;
			productName = CryptoManiac;
			productReference = 50AE97F2294A8FB50011EAEF /* CryptoManiac.app */;
			productType = "com.apple.product-type.application";
		};
		50AE9801294A8FB60011EAEF /* CryptoManiacTests */ = {
			isa = PBXNativeTarget;
			buildConfigurationList = 50AE9819294A8FB60011EAEF /* Build configuration list for PBXNativeTarget "CryptoManiacTests" */;
			buildPhases = (
				50AE97FE294A8FB60011EAEF /* Sources */,
				50AE97FF294A8FB60011EAEF /* Frameworks */,
				50AE9800294A8FB60011EAEF /* Resources */,
			);
			buildRules = (
			);
			dependencies = (
				50AE9804294A8FB60011EAEF /* PBXTargetDependency */,
			);
			name = CryptoManiacTests;
			productName = CryptoManiacTests;
			productReference = 50AE9802294A8FB60011EAEF /* CryptoManiacTests.xctest */;
			productType = "com.apple.product-type.bundle.unit-test";
		};
		50AE980B294A8FB60011EAEF /* CryptoManiacUITests */ = {
			isa = PBXNativeTarget;
			buildConfigurationList = 50AE981C294A8FB60011EAEF /* Build configuration list for PBXNativeTarget "CryptoManiacUITests" */;
			buildPhases = (
				50AE9808294A8FB60011EAEF /* Sources */,
				50AE9809294A8FB60011EAEF /* Frameworks */,
				50AE980A294A8FB60011EAEF /* Resources */,
			);
			buildRules = (
			);
			dependencies = (
				50AE980E294A8FB60011EAEF /* PBXTargetDependency */,
			);
			name = CryptoManiacUITests;
			productName = CryptoManiacUITests;
			productReference = 50AE980C294A8FB60011EAEF /* CryptoManiacUITests.xctest */;
			productType = "com.apple.product-type.bundle.ui-testing";
		};
/* End PBXNativeTarget section */

/* Begin PBXProject section */
		50AE97EA294A8FB50011EAEF /* Project object */ = {
			isa = PBXProject;
			attributes = {
				BuildIndependentTargetsInParallel = 1;
				LastSwiftUpdateCheck = 1410;
				LastUpgradeCheck = 1410;
				TargetAttributes = {
					50AE97F1294A8FB50011EAEF = {
						CreatedOnToolsVersion = 14.1;
					};
					50AE9801294A8FB60011EAEF = {
						CreatedOnToolsVersion = 14.1;
						TestTargetID = 50AE97F1294A8FB50011EAEF;
					};
					50AE980B294A8FB60011EAEF = {
						CreatedOnToolsVersion = 14.1;
						TestTargetID = 50AE97F1294A8FB50011EAEF;
					};
				};
			};
			buildConfigurationList = 50AE97ED294A8FB50011EAEF /* Build configuration list for PBXProject "CryptoManiac" */;
			compatibilityVersion = "Xcode 14.0";
			developmentRegion = en;
			hasScannedForEncodings = 0;
			knownRegions = (
				en,
				Base,
			);
			mainGroup = 50AE97E9294A8FB50011EAEF;
			productRefGroup = 50AE97F3294A8FB50011EAEF /* Products */;
			projectDirPath = "";
			projectRoot = "";
			targets = (
				50AE97F1294A8FB50011EAEF /* CryptoManiac */,
				50AE9801294A8FB60011EAEF /* CryptoManiacTests */,
				50AE980B294A8FB60011EAEF /* CryptoManiacUITests */,
			);
		};
/* End PBXProject section */

/* Begin PBXResourcesBuildPhase section */
		50AE97F0294A8FB50011EAEF /* Resources */ = {
			isa = PBXResourcesBuildPhase;
			buildActionMask = 2147483647;
			files = (
				50AE97FD294A8FB50011EAEF /* Preview Assets.xcassets in Resources */,
				50AE9820294A92130011EAEF /* Assets.xcassets in Resources */,
			);
			runOnlyForDeploymentPostprocessing = 0;
		};
		50AE9800294A8FB60011EAEF /* Resources */ = {
			isa = PBXResourcesBuildPhase;
			buildActionMask = 2147483647;
			files = (
			);
			runOnlyForDeploymentPostprocessing = 0;
		};
		50AE980A294A8FB60011EAEF /* Resources */ = {
			isa = PBXResourcesBuildPhase;
			buildActionMask = 2147483647;
			files = (
			);
			runOnlyForDeploymentPostprocessing = 0;
		};
/* End PBXResourcesBuildPhase section */

/* Begin PBXSourcesBuildPhase section */
		50AE97EE294A8FB50011EAEF /* Sources */ = {
			isa = PBXSourcesBuildPhase;
			buildActionMask = 2147483647;
			files = (
				50AE97F8294A8FB50011EAEF /* ContentView.swift in Sources */,
				50AE983A294AE7490011EAEF /* String.swift in Sources */,
				50AE982A294AA1F90011EAEF /* HomeView.swift in Sources */,
				50C81354294D49D10052A696 /* CoinImageView.swift in Sources */,
				50AE97F6294A8FB50011EAEF /* CryptoManiacApp.swift in Sources */,
				50AE9842294AE81B0011EAEF /* PreviewProvider.swift in Sources */,
				50AE9838294AE6600011EAEF /* MarketDataModel.swift in Sources */,
				50AE982E294AA3380011EAEF /* CircleButtonView.swift in Sources */,
				50AE9825294A9F0F0011EAEF /* Color.swift in Sources */,
				50AE9844294B6EB80011EAEF /* CoinRowView.swift in Sources */,
				50C8134F294CC11D0052A696 /* CoinDataService.swift in Sources */,
				50AE9834294AE5B70011EAEF /* CoinDetailModel.swift in Sources */,
				50AE9840294AE7EB0011EAEF /* UIApplication.swift in Sources */,
				50AE9830294AB4460011EAEF /* CircleButtonAnimationView.swift in Sources */,
				50AE9836294AE61B0011EAEF /* StatisticModel.swift in Sources */,
				50AE983C294AE7830011EAEF /* Double.swift in Sources */,
				50C81352294CFCE00052A696 /* NetworkingManager.swift in Sources */,
				50AE983E294AE7B60011EAEF /* Date.swift in Sources */,
				50C8135A294E47E80052A696 /* SearchBarView.swift in Sources */,
				50C81356294D600C0052A696 /* CoinImageService.swift in Sources */,
				50AE9832294ADE7C0011EAEF /* Coin.swift in Sources */,
				50C81358294E13100052A696 /* LocalFileManager.swift in Sources */,
			);
			runOnlyForDeploymentPostprocessing = 0;
		};
		50AE97FE294A8FB60011EAEF /* Sources */ = {
			isa = PBXSourcesBuildPhase;
			buildActionMask = 2147483647;
			files = (
				50AE9807294A8FB60011EAEF /* CryptoManiacTests.swift in Sources */,
			);
			runOnlyForDeploymentPostprocessing = 0;
		};
		50AE9808294A8FB60011EAEF /* Sources */ = {
			isa = PBXSourcesBuildPhase;
			buildActionMask = 2147483647;
			files = (
				50AE9813294A8FB60011EAEF /* CryptoManiacUITestsLaunchTests.swift in Sources */,
				50AE9811294A8FB60011EAEF /* CryptoManiacUITests.swift in Sources */,
			);
			runOnlyForDeploymentPostprocessing = 0;
		};
/* End PBXSourcesBuildPhase section */

/* Begin PBXTargetDependency section */
		50AE9804294A8FB60011EAEF /* PBXTargetDependency */ = {
			isa = PBXTargetDependency;
			target = 50AE97F1294A8FB50011EAEF /* CryptoManiac */;
			targetProxy = 50AE9803294A8FB60011EAEF /* PBXContainerItemProxy */;
		};
		50AE980E294A8FB60011EAEF /* PBXTargetDependency */ = {
			isa = PBXTargetDependency;
			target = 50AE97F1294A8FB50011EAEF /* CryptoManiac */;
			targetProxy = 50AE980D294A8FB60011EAEF /* PBXContainerItemProxy */;
		};
/* End PBXTargetDependency section */

/* Begin XCBuildConfiguration section */
		50AE9814294A8FB60011EAEF /* Debug */ = {
			isa = XCBuildConfiguration;
			buildSettings = {
				ALWAYS_SEARCH_USER_PATHS = NO;
				CLANG_ANALYZER_NONNULL = YES;
				CLANG_ANALYZER_NUMBER_OBJECT_CONVERSION = YES_AGGRESSIVE;
				CLANG_CXX_LANGUAGE_STANDARD = "gnu++20";
				CLANG_ENABLE_MODULES = YES;
				CLANG_ENABLE_OBJC_ARC = YES;
				CLANG_ENABLE_OBJC_WEAK = YES;
				CLANG_WARN_BLOCK_CAPTURE_AUTORELEASING = YES;
				CLANG_WARN_BOOL_CONVERSION = YES;
				CLANG_WARN_COMMA = YES;
				CLANG_WARN_CONSTANT_CONVERSION = YES;
				CLANG_WARN_DEPRECATED_OBJC_IMPLEMENTATIONS = YES;
				CLANG_WARN_DIRECT_OBJC_ISA_USAGE = YES_ERROR;
				CLANG_WARN_DOCUMENTATION_COMMENTS = YES;
				CLANG_WARN_EMPTY_BODY = YES;
				CLANG_WARN_ENUM_CONVERSION = YES;
				CLANG_WARN_INFINITE_RECURSION = YES;
				CLANG_WARN_INT_CONVERSION = YES;
				CLANG_WARN_NON_LITERAL_NULL_CONVERSION = YES;
				CLANG_WARN_OBJC_IMPLICIT_RETAIN_SELF = YES;
				CLANG_WARN_OBJC_LITERAL_CONVERSION = YES;
				CLANG_WARN_OBJC_ROOT_CLASS = YES_ERROR;
				CLANG_WARN_QUOTED_INCLUDE_IN_FRAMEWORK_HEADER = YES;
				CLANG_WARN_RANGE_LOOP_ANALYSIS = YES;
				CLANG_WARN_STRICT_PROTOTYPES = YES;
				CLANG_WARN_SUSPICIOUS_MOVE = YES;
				CLANG_WARN_UNGUARDED_AVAILABILITY = YES_AGGRESSIVE;
				CLANG_WARN_UNREACHABLE_CODE = YES;
				CLANG_WARN__DUPLICATE_METHOD_MATCH = YES;
				COPY_PHASE_STRIP = NO;
				DEBUG_INFORMATION_FORMAT = dwarf;
				ENABLE_STRICT_OBJC_MSGSEND = YES;
				ENABLE_TESTABILITY = YES;
				GCC_C_LANGUAGE_STANDARD = gnu11;
				GCC_DYNAMIC_NO_PIC = NO;
				GCC_NO_COMMON_BLOCKS = YES;
				GCC_OPTIMIZATION_LEVEL = 0;
				GCC_PREPROCESSOR_DEFINITIONS = (
					"DEBUG=1",
					"$(inherited)",
				);
				GCC_WARN_64_TO_32_BIT_CONVERSION = YES;
				GCC_WARN_ABOUT_RETURN_TYPE = YES_ERROR;
				GCC_WARN_UNDECLARED_SELECTOR = YES;
				GCC_WARN_UNINITIALIZED_AUTOS = YES_AGGRESSIVE;
				GCC_WARN_UNUSED_FUNCTION = YES;
				GCC_WARN_UNUSED_VARIABLE = YES;
				IPHONEOS_DEPLOYMENT_TARGET = 16.1;
				MTL_ENABLE_DEBUG_INFO = INCLUDE_SOURCE;
				MTL_FAST_MATH = YES;
				ONLY_ACTIVE_ARCH = YES;
				SDKROOT = iphoneos;
				SWIFT_ACTIVE_COMPILATION_CONDITIONS = DEBUG;
				SWIFT_OPTIMIZATION_LEVEL = "-Onone";
			};
			name = Debug;
		};
		50AE9815294A8FB60011EAEF /* Release */ = {
			isa = XCBuildConfiguration;
			buildSettings = {
				ALWAYS_SEARCH_USER_PATHS = NO;
				CLANG_ANALYZER_NONNULL = YES;
				CLANG_ANALYZER_NUMBER_OBJECT_CONVERSION = YES_AGGRESSIVE;
				CLANG_CXX_LANGUAGE_STANDARD = "gnu++20";
				CLANG_ENABLE_MODULES = YES;
				CLANG_ENABLE_OBJC_ARC = YES;
				CLANG_ENABLE_OBJC_WEAK = YES;
				CLANG_WARN_BLOCK_CAPTURE_AUTORELEASING = YES;
				CLANG_WARN_BOOL_CONVERSION = YES;
				CLANG_WARN_COMMA = YES;
				CLANG_WARN_CONSTANT_CONVERSION = YES;
				CLANG_WARN_DEPRECATED_OBJC_IMPLEMENTATIONS = YES;
				CLANG_WARN_DIRECT_OBJC_ISA_USAGE = YES_ERROR;
				CLANG_WARN_DOCUMENTATION_COMMENTS = YES;
				CLANG_WARN_EMPTY_BODY = YES;
				CLANG_WARN_ENUM_CONVERSION = YES;
				CLANG_WARN_INFINITE_RECURSION = YES;
				CLANG_WARN_INT_CONVERSION = YES;
				CLANG_WARN_NON_LITERAL_NULL_CONVERSION = YES;
				CLANG_WARN_OBJC_IMPLICIT_RETAIN_SELF = YES;
				CLANG_WARN_OBJC_LITERAL_CONVERSION = YES;
				CLANG_WARN_OBJC_ROOT_CLASS = YES_ERROR;
				CLANG_WARN_QUOTED_INCLUDE_IN_FRAMEWORK_HEADER = YES;
				CLANG_WARN_RANGE_LOOP_ANALYSIS = YES;
				CLANG_WARN_STRICT_PROTOTYPES = YES;
				CLANG_WARN_SUSPICIOUS_MOVE = YES;
				CLANG_WARN_UNGUARDED_AVAILABILITY = YES_AGGRESSIVE;
				CLANG_WARN_UNREACHABLE_CODE = YES;
				CLANG_WARN__DUPLICATE_METHOD_MATCH = YES;
				COPY_PHASE_STRIP = NO;
				DEBUG_INFORMATION_FORMAT = "dwarf-with-dsym";
				ENABLE_NS_ASSERTIONS = NO;
				ENABLE_STRICT_OBJC_MSGSEND = YES;
				GCC_C_LANGUAGE_STANDARD = gnu11;
				GCC_NO_COMMON_BLOCKS = YES;
				GCC_WARN_64_TO_32_BIT_CONVERSION = YES;
				GCC_WARN_ABOUT_RETURN_TYPE = YES_ERROR;
				GCC_WARN_UNDECLARED_SELECTOR = YES;
				GCC_WARN_UNINITIALIZED_AUTOS = YES_AGGRESSIVE;
				GCC_WARN_UNUSED_FUNCTION = YES;
				GCC_WARN_UNUSED_VARIABLE = YES;
				IPHONEOS_DEPLOYMENT_TARGET = 16.1;
				MTL_ENABLE_DEBUG_INFO = NO;
				MTL_FAST_MATH = YES;
				SDKROOT = iphoneos;
				SWIFT_COMPILATION_MODE = wholemodule;
				SWIFT_OPTIMIZATION_LEVEL = "-O";
				VALIDATE_PRODUCT = YES;
			};
			name = Release;
		};
		50AE9817294A8FB60011EAEF /* Debug */ = {
			isa = XCBuildConfiguration;
			buildSettings = {
				ASSETCATALOG_COMPILER_APPICON_NAME = AppIcon;
				ASSETCATALOG_COMPILER_GLOBAL_ACCENT_COLOR_NAME = AccentColor;
				CODE_SIGN_STYLE = Automatic;
				CURRENT_PROJECT_VERSION = 1;
				DEVELOPMENT_ASSET_PATHS = "\"CryptoManiac/Preview Content\"";
				DEVELOPMENT_TEAM = W59W3QVKXJ;
				ENABLE_PREVIEWS = YES;
				GENERATE_INFOPLIST_FILE = YES;
				INFOPLIST_KEY_CFBundleDisplayName = "Crypto Tracker";
				INFOPLIST_KEY_LSApplicationCategoryType = "public.app-category.finance";
				INFOPLIST_KEY_UIApplicationSceneManifest_Generation = YES;
				INFOPLIST_KEY_UIApplicationSupportsIndirectInputEvents = YES;
				INFOPLIST_KEY_UILaunchScreen_Generation = YES;
				INFOPLIST_KEY_UISupportedInterfaceOrientations = "UIInterfaceOrientationLandscapeLeft UIInterfaceOrientationLandscapeRight UIInterfaceOrientationPortrait UIInterfaceOrientationPortraitUpsideDown";
				LD_RUNPATH_SEARCH_PATHS = (
					"$(inherited)",
					"@executable_path/Frameworks",
				);
				MARKETING_VERSION = 1.0;
				PRODUCT_BUNDLE_IDENTIFIER = com.mtndev.CryptoManiac;
				PRODUCT_NAME = "$(TARGET_NAME)";
				SWIFT_EMIT_LOC_STRINGS = YES;
				SWIFT_VERSION = 5.0;
				TARGETED_DEVICE_FAMILY = "1,2";
			};
			name = Debug;
		};
		50AE9818294A8FB60011EAEF /* Release */ = {
			isa = XCBuildConfiguration;
			buildSettings = {
				ASSETCATALOG_COMPILER_APPICON_NAME = AppIcon;
				ASSETCATALOG_COMPILER_GLOBAL_ACCENT_COLOR_NAME = AccentColor;
				CODE_SIGN_STYLE = Automatic;
				CURRENT_PROJECT_VERSION = 1;
				DEVELOPMENT_ASSET_PATHS = "\"CryptoManiac/Preview Content\"";
				DEVELOPMENT_TEAM = W59W3QVKXJ;
				ENABLE_PREVIEWS = YES;
				GENERATE_INFOPLIST_FILE = YES;
				INFOPLIST_KEY_CFBundleDisplayName = "Crypto Tracker";
				INFOPLIST_KEY_LSApplicationCategoryType = "public.app-category.finance";
				INFOPLIST_KEY_UIApplicationSceneManifest_Generation = YES;
				INFOPLIST_KEY_UIApplicationSupportsIndirectInputEvents = YES;
				INFOPLIST_KEY_UILaunchScreen_Generation = YES;
				INFOPLIST_KEY_UISupportedInterfaceOrientations = "UIInterfaceOrientationLandscapeLeft UIInterfaceOrientationLandscapeRight UIInterfaceOrientationPortrait UIInterfaceOrientationPortraitUpsideDown";
				LD_RUNPATH_SEARCH_PATHS = (
					"$(inherited)",
					"@executable_path/Frameworks",
				);
				MARKETING_VERSION = 1.0;
				PRODUCT_BUNDLE_IDENTIFIER = com.mtndev.CryptoManiac;
				PRODUCT_NAME = "$(TARGET_NAME)";
				SWIFT_EMIT_LOC_STRINGS = YES;
				SWIFT_VERSION = 5.0;
				TARGETED_DEVICE_FAMILY = "1,2";
			};
			name = Release;
		};
		50AE981A294A8FB60011EAEF /* Debug */ = {
			isa = XCBuildConfiguration;
			buildSettings = {
				ALWAYS_EMBED_SWIFT_STANDARD_LIBRARIES = YES;
				BUNDLE_LOADER = "$(TEST_HOST)";
				CODE_SIGN_STYLE = Automatic;
				CURRENT_PROJECT_VERSION = 1;
				DEVELOPMENT_TEAM = W59W3QVKXJ;
				GENERATE_INFOPLIST_FILE = YES;
				IPHONEOS_DEPLOYMENT_TARGET = 16.1;
				MARKETING_VERSION = 1.0;
				PRODUCT_BUNDLE_IDENTIFIER = com.mtndev.CryptoManiacTests;
				PRODUCT_NAME = "$(TARGET_NAME)";
				SWIFT_EMIT_LOC_STRINGS = NO;
				SWIFT_VERSION = 5.0;
				TARGETED_DEVICE_FAMILY = "1,2";
				TEST_HOST = "$(BUILT_PRODUCTS_DIR)/CryptoManiac.app/$(BUNDLE_EXECUTABLE_FOLDER_PATH)/CryptoManiac";
			};
			name = Debug;
		};
		50AE981B294A8FB60011EAEF /* Release */ = {
			isa = XCBuildConfiguration;
			buildSettings = {
				ALWAYS_EMBED_SWIFT_STANDARD_LIBRARIES = YES;
				BUNDLE_LOADER = "$(TEST_HOST)";
				CODE_SIGN_STYLE = Automatic;
				CURRENT_PROJECT_VERSION = 1;
				DEVELOPMENT_TEAM = W59W3QVKXJ;
				GENERATE_INFOPLIST_FILE = YES;
				IPHONEOS_DEPLOYMENT_TARGET = 16.1;
				MARKETING_VERSION = 1.0;
				PRODUCT_BUNDLE_IDENTIFIER = com.mtndev.CryptoManiacTests;
				PRODUCT_NAME = "$(TARGET_NAME)";
				SWIFT_EMIT_LOC_STRINGS = NO;
				SWIFT_VERSION = 5.0;
				TARGETED_DEVICE_FAMILY = "1,2";
				TEST_HOST = "$(BUILT_PRODUCTS_DIR)/CryptoManiac.app/$(BUNDLE_EXECUTABLE_FOLDER_PATH)/CryptoManiac";
			};
			name = Release;
		};
		50AE981D294A8FB60011EAEF /* Debug */ = {
			isa = XCBuildConfiguration;
			buildSettings = {
				ALWAYS_EMBED_SWIFT_STANDARD_LIBRARIES = YES;
				CODE_SIGN_STYLE = Automatic;
				CURRENT_PROJECT_VERSION = 1;
				DEVELOPMENT_TEAM = W59W3QVKXJ;
				GENERATE_INFOPLIST_FILE = YES;
				MARKETING_VERSION = 1.0;
				PRODUCT_BUNDLE_IDENTIFIER = com.mtndev.CryptoManiacUITests;
				PRODUCT_NAME = "$(TARGET_NAME)";
				SWIFT_EMIT_LOC_STRINGS = NO;
				SWIFT_VERSION = 5.0;
				TARGETED_DEVICE_FAMILY = "1,2";
				TEST_TARGET_NAME = CryptoManiac;
			};
			name = Debug;
		};
		50AE981E294A8FB60011EAEF /* Release */ = {
			isa = XCBuildConfiguration;
			buildSettings = {
				ALWAYS_EMBED_SWIFT_STANDARD_LIBRARIES = YES;
				CODE_SIGN_STYLE = Automatic;
				CURRENT_PROJECT_VERSION = 1;
				DEVELOPMENT_TEAM = W59W3QVKXJ;
				GENERATE_INFOPLIST_FILE = YES;
				MARKETING_VERSION = 1.0;
				PRODUCT_BUNDLE_IDENTIFIER = com.mtndev.CryptoManiacUITests;
				PRODUCT_NAME = "$(TARGET_NAME)";
				SWIFT_EMIT_LOC_STRINGS = NO;
				SWIFT_VERSION = 5.0;
				TARGETED_DEVICE_FAMILY = "1,2";
				TEST_TARGET_NAME = CryptoManiac;
			};
			name = Release;
		};
/* End XCBuildConfiguration section */

/* Begin XCConfigurationList section */
		50AE97ED294A8FB50011EAEF /* Build configuration list for PBXProject "CryptoManiac" */ = {
			isa = XCConfigurationList;
			buildConfigurations = (
				50AE9814294A8FB60011EAEF /* Debug */,
				50AE9815294A8FB60011EAEF /* Release */,
			);
			defaultConfigurationIsVisible = 0;
			defaultConfigurationName = Release;
		};
		50AE9816294A8FB60011EAEF /* Build configuration list for PBXNativeTarget "CryptoManiac" */ = {
			isa = XCConfigurationList;
			buildConfigurations = (
				50AE9817294A8FB60011EAEF /* Debug */,
				50AE9818294A8FB60011EAEF /* Release */,
			);
			defaultConfigurationIsVisible = 0;
			defaultConfigurationName = Release;
		};
		50AE9819294A8FB60011EAEF /* Build configuration list for PBXNativeTarget "CryptoManiacTests" */ = {
			isa = XCConfigurationList;
			buildConfigurations = (
				50AE981A294A8FB60011EAEF /* Debug */,
				50AE981B294A8FB60011EAEF /* Release */,
			);
			defaultConfigurationIsVisible = 0;
			defaultConfigurationName = Release;
		};
		50AE981C294A8FB60011EAEF /* Build configuration list for PBXNativeTarget "CryptoManiacUITests" */ = {
			isa = XCConfigurationList;
			buildConfigurations = (
				50AE981D294A8FB60011EAEF /* Debug */,
				50AE981E294A8FB60011EAEF /* Release */,
			);
			defaultConfigurationIsVisible = 0;
			defaultConfigurationName = Release;
		};
/* End XCConfigurationList section */
	};
	rootObject = 50AE97EA294A8FB50011EAEF /* Project object */;
}
